
Microsoft Visual Studio Solution File, Format Version 12.00
# Visual Studio 15
VisualStudioVersion = 15.0.28307.572
MinimumVisualStudioVersion = 10.0.40219.1
Project("{FAE04EC0-301F-11D3-BF4B-00C04F79EFBC}") = "CommandCraft App", "CommandCraft App\CommandCraft App.csproj", "{243C1F1F-F7DD-42A5-93C8-ECED5DAAEFAE}"
EndProject
Project("{FAE04EC0-301F-11D3-BF4B-00C04F79EFBC}") = "LayermapParser", "LayermapParser\LayermapParser.csproj", "{D0B966D8-5B36-41E8-B683-73DC9C0D99D2}"
EndProject
Project("{FAE04EC0-301F-11D3-BF4B-00C04F79EFBC}") = "NameTranslationTests", "NameTranslationTests\NameTranslationTests.csproj", "{0B09EE6D-FDC1-4C0C-AF5F-E7DBFB153DBD}"
EndProject
Global
	GlobalSection(SolutionConfigurationPlatforms) = preSolution
		Debug|Any CPU = Debug|Any CPU
		Release|Any CPU = Release|Any CPU
	EndGlobalSection
	GlobalSection(ProjectConfigurationPlatforms) = postSolution
		{243C1F1F-F7DD-42A5-93C8-ECED5DAAEFAE}.Debug|Any CPU.ActiveCfg = Debug|Any CPU
		{243C1F1F-F7DD-42A5-93C8-ECED5DAAEFAE}.Debug|Any CPU.Build.0 = Debug|Any CPU
		{243C1F1F-F7DD-42A5-93C8-ECED5DAAEFAE}.Release|Any CPU.ActiveCfg = Release|Any CPU
		{243C1F1F-F7DD-42A5-93C8-ECED5DAAEFAE}.Release|Any CPU.Build.0 = Release|Any CPU
		{D0B966D8-5B36-41E8-B683-73DC9C0D99D2}.Debug|Any CPU.ActiveCfg = Debug|Any CPU
		{D0B966D8-5B36-41E8-B683-73DC9C0D99D2}.Debug|Any CPU.Build.0 = Debug|Any CPU
		{D0B966D8-5B36-41E8-B683-73DC9C0D99D2}.Release|Any CPU.ActiveCfg = Release|Any CPU
		{D0B966D8-5B36-41E8-B683-73DC9C0D99D2}.Release|Any CPU.Build.0 = Release|Any CPU
		{0B09EE6D-FDC1-4C0C-AF5F-E7DBFB153DBD}.Debug|Any CPU.ActiveCfg = Debug|Any CPU
		{0B09EE6D-FDC1-4C0C-AF5F-E7DBFB153DBD}.Debug|Any CPU.Build.0 = Debug|Any CPU
		{0B09EE6D-FDC1-4C0C-AF5F-E7DBFB153DBD}.Release|Any CPU.ActiveCfg = Release|Any CPU
		{0B09EE6D-FDC1-4C0C-AF5F-E7DBFB153DBD}.Release|Any CPU.Build.0 = Release|Any CPU
	EndGlobalSection
	GlobalSection(SolutionProperties) = preSolution
		HideSolutionNode = FALSE
	EndGlobalSection
	GlobalSection(ExtensibilityGlobals) = postSolution
		SolutionGuid = {867B55B9-C22E-4DF0-8C6B-3C55129CA2A9}
	EndGlobalSection
EndGlobal
